{
  "name": "AoC2023",
  "lockfileVersion": 3,
  "requires": true,
  "packages": {
    "": {
      "dependencies": {
        "@stenway/reliabletxt": "^1.1.0",
        "@stenway/reliabletxt-io": "^1.1.0",
        "@types/node": "^20.10.1"
      }
    },
    "node_modules/@stenway/reliabletxt": {
      "version": "1.1.0",
      "resolved": "https://registry.npmjs.org/@stenway/reliabletxt/-/reliabletxt-1.1.0.tgz",
      "integrity": "sha512-4sM0Q8bHvRkVt9qg854A67kxktQGfg2HhqaY3zD90JkzfWkgqlR+C6f6qKx9MgBdVIq06yV58Uma/9sbXPjFHQ==",
      "engines": {
        "node": ">=14.16"
      }
    },
    "node_modules/@stenway/reliabletxt-io": {
      "version": "1.1.0",
      "resolved": "https://registry.npmjs.org/@stenway/reliabletxt-io/-/reliabletxt-io-1.1.0.tgz",
      "integrity": "sha512-QMXX8vdN2FzLouFQyoN3tOvxBaRmTJRZx/LqYfPgJbw8A+8oLRRhsBAHTBXS0H/tPLd/fCk/s+rg56Ktsf1aow==",
      "dependencies": {
        "@stenway/reliabletxt": "^1.1.0"
      }
    },
    "node_modules/@types/node": {
      "version": "20.10.1",
      "resolved": "https://registry.npmjs.org/@types/node/-/node-20.10.1.tgz",
      "integrity": "sha512-T2qwhjWwGH81vUEx4EXmBKsTJRXFXNZTL4v0gi01+zyBmCwzE6TyHszqX01m+QHTEq+EZNo13NeJIdEqf+Myrg==",
      "dependencies": {
        "undici-types": "~5.26.4"
      }
    },
    "node_modules/undici-types": {
      "version": "5.26.5",
      "resolved": "https://registry.npmjs.org/undici-types/-/undici-types-5.26.5.tgz",
      "integrity": "sha512-JlCMO+ehdEIKqlFxk6IfVoAUVmgz7cU7zD/h9XZ0qzeosSHmUJVOzSQvvYSYWXkFXC+IfLKSIffhv0sVZup6pA=="
    }
  }
}
